
Microsoft Visual Studio Solution File, Format Version 12.00
# Visual Studio 14
VisualStudioVersion = 14.0.25420.1
MinimumVisualStudioVersion = 10.0.40219.1
Project("{FAE04EC0-301F-11D3-BF4B-00C04F79EFBC}") = "TwitterApp.Web", "TwitterApp.Web\TwitterApp.Web.csproj", "{C66C3D3F-207F-4B37-9046-2E3655D92BB5}"
EndProject
Project("{FAE04EC0-301F-11D3-BF4B-00C04F79EFBC}") = "TwitterApp.DAL", "TwitterApp.DAL\TwitterApp.DAL.csproj", "{F3B40E42-AEB8-41BF-9A50-54FBE00A1716}"
EndProject
Global
	GlobalSection(SolutionConfigurationPlatforms) = preSolution
		Debug|Any CPU = Debug|Any CPU
		Release|Any CPU = Release|Any CPU
	EndGlobalSection
	GlobalSection(ProjectConfigurationPlatforms) = postSolution
		{C66C3D3F-207F-4B37-9046-2E3655D92BB5}.Debug|Any CPU.ActiveCfg = Debug|Any CPU
		{C66C3D3F-207F-4B37-9046-2E3655D92BB5}.Debug|Any CPU.Build.0 = Debug|Any CPU
		{C66C3D3F-207F-4B37-9046-2E3655D92BB5}.Release|Any CPU.ActiveCfg = Release|Any CPU
		{C66C3D3F-207F-4B37-9046-2E3655D92BB5}.Release|Any CPU.Build.0 = Release|Any CPU
		{F3B40E42-AEB8-41BF-9A50-54FBE00A1716}.Debug|Any CPU.ActiveCfg = Debug|Any CPU
		{F3B40E42-AEB8-41BF-9A50-54FBE00A1716}.Debug|Any CPU.Build.0 = Debug|Any CPU
		{F3B40E42-AEB8-41BF-9A50-54FBE00A1716}.Release|Any CPU.ActiveCfg = Release|Any CPU
		{F3B40E42-AEB8-41BF-9A50-54FBE00A1716}.Release|Any CPU.Build.0 = Release|Any CPU
	EndGlobalSection
	GlobalSection(SolutionProperties) = preSolution
		HideSolutionNode = FALSE
	EndGlobalSection
EndGlobal
